
Microsoft Visual Studio Solution File, Format Version 12.00
Project("{F2A71F9B-5D33-465A-A702-920D77279786}") = "Test", "Test\Test.fsproj", "{5857FB1E-3211-4C6F-A1C6-A523002E2092}"
EndProject
Global
	GlobalSection(SolutionConfigurationPlatforms) = preSolution
		Debug|Any CPU = Debug|Any CPU
		Release|Any CPU = Release|Any CPU
	EndGlobalSection
	GlobalSection(ProjectConfigurationPlatforms) = postSolution
		{5857FB1E-3211-4C6F-A1C6-A523002E2092}.Debug|Any CPU.ActiveCfg = Debug|Any CPU
		{5857FB1E-3211-4C6F-A1C6-A523002E2092}.Debug|Any CPU.Build.0 = Debug|Any CPU
		{5857FB1E-3211-4C6F-A1C6-A523002E2092}.Release|Any CPU.ActiveCfg = Release|Any CPU
		{5857FB1E-3211-4C6F-A1C6-A523002E2092}.Release|Any CPU.Build.0 = Release|Any CPU
	EndGlobalSection
EndGlobal
