
Microsoft Visual Studio Solution File, Format Version 12.00
Project("{F2A71F9B-5D33-465A-A702-920D77279786}") = "Hometask1", "Hometask1\Hometask1.fsproj", "{66042D49-0D57-4E40-9DA5-E97AFA80D510}"
EndProject
Global
	GlobalSection(SolutionConfigurationPlatforms) = preSolution
		Debug|Any CPU = Debug|Any CPU
		Release|Any CPU = Release|Any CPU
	EndGlobalSection
	GlobalSection(ProjectConfigurationPlatforms) = postSolution
		{66042D49-0D57-4E40-9DA5-E97AFA80D510}.Debug|Any CPU.ActiveCfg = Debug|Any CPU
		{66042D49-0D57-4E40-9DA5-E97AFA80D510}.Debug|Any CPU.Build.0 = Debug|Any CPU
		{66042D49-0D57-4E40-9DA5-E97AFA80D510}.Release|Any CPU.ActiveCfg = Release|Any CPU
		{66042D49-0D57-4E40-9DA5-E97AFA80D510}.Release|Any CPU.Build.0 = Release|Any CPU
	EndGlobalSection
EndGlobal
