
Microsoft Visual Studio Solution File, Format Version 12.00
Project("{F2A71F9B-5D33-465A-A702-920D77279786}") = "MiniCrawler", "MiniCrawler\MiniCrawler.fsproj", "{97A83EE9-DA24-463F-A25A-F86AC45FBA3F}"
EndProject
Project("{F2A71F9B-5D33-465A-A702-920D77279786}") = "MiniCrawlerTests", "MiniCrawlerTests\MiniCrawlerTests.fsproj", "{7048E54B-0C8F-465A-B290-7E6D198DA6C2}"
EndProject
Global
	GlobalSection(SolutionConfigurationPlatforms) = preSolution
		Debug|Any CPU = Debug|Any CPU
		Release|Any CPU = Release|Any CPU
	EndGlobalSection
	GlobalSection(ProjectConfigurationPlatforms) = postSolution
		{97A83EE9-DA24-463F-A25A-F86AC45FBA3F}.Debug|Any CPU.ActiveCfg = Debug|Any CPU
		{97A83EE9-DA24-463F-A25A-F86AC45FBA3F}.Debug|Any CPU.Build.0 = Debug|Any CPU
		{97A83EE9-DA24-463F-A25A-F86AC45FBA3F}.Release|Any CPU.ActiveCfg = Release|Any CPU
		{97A83EE9-DA24-463F-A25A-F86AC45FBA3F}.Release|Any CPU.Build.0 = Release|Any CPU
		{7048E54B-0C8F-465A-B290-7E6D198DA6C2}.Debug|Any CPU.ActiveCfg = Debug|Any CPU
		{7048E54B-0C8F-465A-B290-7E6D198DA6C2}.Debug|Any CPU.Build.0 = Debug|Any CPU
		{7048E54B-0C8F-465A-B290-7E6D198DA6C2}.Release|Any CPU.ActiveCfg = Release|Any CPU
		{7048E54B-0C8F-465A-B290-7E6D198DA6C2}.Release|Any CPU.Build.0 = Release|Any CPU
	EndGlobalSection
EndGlobal
