
Microsoft Visual Studio Solution File, Format Version 12.00
Project("{FAE04EC0-301F-11D3-BF4B-00C04F79EFBC}") = "Test2", "Test2\Test2.csproj", "{336DC3CB-F6FB-4B9C-A15D-31DC988F586B}"
EndProject
Project("{FAE04EC0-301F-11D3-BF4B-00C04F79EFBC}") = "CheckSumTests", "CheckSumTests\CheckSumTests.csproj", "{9DDCBB25-F562-4263-A138-B51BA61443F2}"
EndProject
Global
	GlobalSection(SolutionConfigurationPlatforms) = preSolution
		Debug|Any CPU = Debug|Any CPU
		Release|Any CPU = Release|Any CPU
	EndGlobalSection
	GlobalSection(ProjectConfigurationPlatforms) = postSolution
		{336DC3CB-F6FB-4B9C-A15D-31DC988F586B}.Debug|Any CPU.ActiveCfg = Debug|Any CPU
		{336DC3CB-F6FB-4B9C-A15D-31DC988F586B}.Debug|Any CPU.Build.0 = Debug|Any CPU
		{336DC3CB-F6FB-4B9C-A15D-31DC988F586B}.Release|Any CPU.ActiveCfg = Release|Any CPU
		{336DC3CB-F6FB-4B9C-A15D-31DC988F586B}.Release|Any CPU.Build.0 = Release|Any CPU
		{9DDCBB25-F562-4263-A138-B51BA61443F2}.Debug|Any CPU.ActiveCfg = Debug|Any CPU
		{9DDCBB25-F562-4263-A138-B51BA61443F2}.Debug|Any CPU.Build.0 = Debug|Any CPU
		{9DDCBB25-F562-4263-A138-B51BA61443F2}.Release|Any CPU.ActiveCfg = Release|Any CPU
		{9DDCBB25-F562-4263-A138-B51BA61443F2}.Release|Any CPU.Build.0 = Release|Any CPU
	EndGlobalSection
EndGlobal
