
Microsoft Visual Studio Solution File, Format Version 12.00
# Visual Studio Version 16
VisualStudioVersion = 16.0.32630.194
MinimumVisualStudioVersion = 10.0.40219.1
Project("{9A19103F-16F7-4668-BE54-9A1E7A4F7556}") = "MyNUnit", "MyNUnit\MyNUnit.csproj", "{AFD45CDD-03DD-47A0-BADA-44C31C2D7000}"
EndProject
Project("{9A19103F-16F7-4668-BE54-9A1E7A4F7556}") = "MyNUnitTests", "MyNUnitTests\MyNUnitTests.csproj", "{B1BC8446-9118-4244-9FF8-80EA75925C60}"
EndProject
Project("{9A19103F-16F7-4668-BE54-9A1E7A4F7556}") = "MyAttributes", "MyAttributes\MyAttributes.csproj", "{3CF6A010-D25E-4E9C-AD42-2B5F99803749}"
EndProject
Project("{9A19103F-16F7-4668-BE54-9A1E7A4F7556}") = "ProjectForCustomTests", "ProjectForCustomTests\ProjectForCustomTests.csproj", "{6D57384B-AFE5-479E-B7AB-FC77063E396D}"
EndProject
Project("{9A19103F-16F7-4668-BE54-9A1E7A4F7556}") = "MyNunitWeb", "..\MyNunitWeb\MyNunitWeb\MyNunitWeb.csproj", "{04F2147D-B337-4A7B-A2CF-23FA2B909B91}"
EndProject
Global
	GlobalSection(SolutionConfigurationPlatforms) = preSolution
		Debug|Any CPU = Debug|Any CPU
		Release|Any CPU = Release|Any CPU
	EndGlobalSection
	GlobalSection(ProjectConfigurationPlatforms) = postSolution
		{AFD45CDD-03DD-47A0-BADA-44C31C2D7000}.Debug|Any CPU.ActiveCfg = Debug|Any CPU
		{AFD45CDD-03DD-47A0-BADA-44C31C2D7000}.Debug|Any CPU.Build.0 = Debug|Any CPU
		{AFD45CDD-03DD-47A0-BADA-44C31C2D7000}.Release|Any CPU.ActiveCfg = Release|Any CPU
		{AFD45CDD-03DD-47A0-BADA-44C31C2D7000}.Release|Any CPU.Build.0 = Release|Any CPU
		{B1BC8446-9118-4244-9FF8-80EA75925C60}.Debug|Any CPU.ActiveCfg = Debug|Any CPU
		{B1BC8446-9118-4244-9FF8-80EA75925C60}.Debug|Any CPU.Build.0 = Debug|Any CPU
		{B1BC8446-9118-4244-9FF8-80EA75925C60}.Release|Any CPU.ActiveCfg = Release|Any CPU
		{B1BC8446-9118-4244-9FF8-80EA75925C60}.Release|Any CPU.Build.0 = Release|Any CPU
		{3CF6A010-D25E-4E9C-AD42-2B5F99803749}.Debug|Any CPU.ActiveCfg = Debug|Any CPU
		{3CF6A010-D25E-4E9C-AD42-2B5F99803749}.Debug|Any CPU.Build.0 = Debug|Any CPU
		{3CF6A010-D25E-4E9C-AD42-2B5F99803749}.Release|Any CPU.ActiveCfg = Release|Any CPU
		{3CF6A010-D25E-4E9C-AD42-2B5F99803749}.Release|Any CPU.Build.0 = Release|Any CPU
		{6D57384B-AFE5-479E-B7AB-FC77063E396D}.Debug|Any CPU.ActiveCfg = Debug|Any CPU
		{6D57384B-AFE5-479E-B7AB-FC77063E396D}.Debug|Any CPU.Build.0 = Debug|Any CPU
		{6D57384B-AFE5-479E-B7AB-FC77063E396D}.Release|Any CPU.ActiveCfg = Release|Any CPU
		{6D57384B-AFE5-479E-B7AB-FC77063E396D}.Release|Any CPU.Build.0 = Release|Any CPU
		{04F2147D-B337-4A7B-A2CF-23FA2B909B91}.Debug|Any CPU.ActiveCfg = Debug|Any CPU
		{04F2147D-B337-4A7B-A2CF-23FA2B909B91}.Debug|Any CPU.Build.0 = Debug|Any CPU
		{04F2147D-B337-4A7B-A2CF-23FA2B909B91}.Release|Any CPU.ActiveCfg = Release|Any CPU
		{04F2147D-B337-4A7B-A2CF-23FA2B909B91}.Release|Any CPU.Build.0 = Release|Any CPU
	EndGlobalSection
	GlobalSection(SolutionProperties) = preSolution
		HideSolutionNode = FALSE
	EndGlobalSection
	GlobalSection(ExtensibilityGlobals) = postSolution
		SolutionGuid = {0539650C-BE10-4135-9784-EA2C5B9B1329}
	EndGlobalSection
EndGlobal
