
Microsoft Visual Studio Solution File, Format Version 12.00
Project("{FAE04EC0-301F-11D3-BF4B-00C04F79EFBC}") = "MyNUnit", "MyNUnit\MyNUnit.csproj", "{AFD45CDD-03DD-47A0-BADA-44C31C2D7000}"
EndProject
Project("{FAE04EC0-301F-11D3-BF4B-00C04F79EFBC}") = "MyNUnitTests", "MyNUnitTests\MyNUnitTests.csproj", "{B1BC8446-9118-4244-9FF8-80EA75925C60}"
EndProject
Project("{FAE04EC0-301F-11D3-BF4B-00C04F79EFBC}") = "MyAttributes", "MyAttributes\MyAttributes.csproj", "{3CF6A010-D25E-4E9C-AD42-2B5F99803749}"
EndProject
Project("{FAE04EC0-301F-11D3-BF4B-00C04F79EFBC}") = "ProjectForCustomTests", "ProjectForCustomTests\ProjectForCustomTests.csproj", "{6D57384B-AFE5-479E-B7AB-FC77063E396D}"
EndProject
Global
	GlobalSection(SolutionConfigurationPlatforms) = preSolution
		Debug|Any CPU = Debug|Any CPU
		Release|Any CPU = Release|Any CPU
	EndGlobalSection
	GlobalSection(ProjectConfigurationPlatforms) = postSolution
		{AFD45CDD-03DD-47A0-BADA-44C31C2D7000}.Debug|Any CPU.ActiveCfg = Debug|Any CPU
		{AFD45CDD-03DD-47A0-BADA-44C31C2D7000}.Debug|Any CPU.Build.0 = Debug|Any CPU
		{AFD45CDD-03DD-47A0-BADA-44C31C2D7000}.Release|Any CPU.ActiveCfg = Release|Any CPU
		{AFD45CDD-03DD-47A0-BADA-44C31C2D7000}.Release|Any CPU.Build.0 = Release|Any CPU
		{B1BC8446-9118-4244-9FF8-80EA75925C60}.Debug|Any CPU.ActiveCfg = Debug|Any CPU
		{B1BC8446-9118-4244-9FF8-80EA75925C60}.Debug|Any CPU.Build.0 = Debug|Any CPU
		{B1BC8446-9118-4244-9FF8-80EA75925C60}.Release|Any CPU.ActiveCfg = Release|Any CPU
		{B1BC8446-9118-4244-9FF8-80EA75925C60}.Release|Any CPU.Build.0 = Release|Any CPU
		{3CF6A010-D25E-4E9C-AD42-2B5F99803749}.Debug|Any CPU.ActiveCfg = Debug|Any CPU
		{3CF6A010-D25E-4E9C-AD42-2B5F99803749}.Debug|Any CPU.Build.0 = Debug|Any CPU
		{3CF6A010-D25E-4E9C-AD42-2B5F99803749}.Release|Any CPU.ActiveCfg = Release|Any CPU
		{3CF6A010-D25E-4E9C-AD42-2B5F99803749}.Release|Any CPU.Build.0 = Release|Any CPU
		{6D57384B-AFE5-479E-B7AB-FC77063E396D}.Debug|Any CPU.ActiveCfg = Debug|Any CPU
		{6D57384B-AFE5-479E-B7AB-FC77063E396D}.Debug|Any CPU.Build.0 = Debug|Any CPU
		{6D57384B-AFE5-479E-B7AB-FC77063E396D}.Release|Any CPU.ActiveCfg = Release|Any CPU
		{6D57384B-AFE5-479E-B7AB-FC77063E396D}.Release|Any CPU.Build.0 = Release|Any CPU
	EndGlobalSection
EndGlobal
